
Microsoft Visual Studio Solution File, Format Version 12.00
# Visual Studio Version 16
VisualStudioVersion = 16.0.30011.22
MinimumVisualStudioVersion = 15.0.26124.0
Project("{9A19103F-16F7-4668-BE54-9A1E7A4F7556}") = "Autoweb.Website", "Autoweb.Website\Autoweb.Website.csproj", "{41DE4932-8571-4CF1-A119-492F51288C7B}"
EndProject
Project("{9A19103F-16F7-4668-BE54-9A1E7A4F7556}") = "Autoweb.Messages", "Autoweb.Messages\Autoweb.Messages.csproj", "{2ED6E478-0F29-444D-9E07-20DEA168E61B}"
EndProject
Project("{9A19103F-16F7-4668-BE54-9A1E7A4F7556}") = "Autoweb.GovernmentReportCreator", "Autoweb.GovernmentReportCreator\Autoweb.GovernmentReportCreator.csproj", "{A61995E9-4B59-4D4C-BB1C-D8AEF663575A}"
EndProject
Project("{9A19103F-16F7-4668-BE54-9A1E7A4F7556}") = "Autoweb.EmailRenderer", "Autoweb.EmailRenderer\Autoweb.EmailRenderer.csproj", "{D63F4B6F-C266-46A2-85BC-A49CA0ABA72A}"
EndProject
Project("{9A19103F-16F7-4668-BE54-9A1E7A4F7556}") = "Autoweb.EmailSender", "Autoweb.EmailSender\Autoweb.EmailSender.csproj", "{23D1BECA-821F-4D72-BA9A-86AC66774E9B}"
EndProject
Project("{9A19103F-16F7-4668-BE54-9A1E7A4F7556}") = "Autoweb.PricingEngine", "Autoweb.PricingEngine\Autoweb.PricingEngine.csproj", "{58DA9247-9E5E-483A-9610-7D355749A9FD}"
EndProject
Project("{9A19103F-16F7-4668-BE54-9A1E7A4F7556}") = "Autoweb.PricingEngineDemoClient", "Autoweb.PricingEngineDemoClient\Autoweb.PricingEngineDemoClient.csproj", "{D1B13342-1557-4C93-843E-F0AD8A0A94D6}"
EndProject
Project("{FAE04EC0-301F-11D3-BF4B-00C04F79EFBC}") = "Autoweb.SignalRNotifier", "Autoweb.SignalRNotifier\Autoweb.SignalRNotifier.csproj", "{60CE7B14-AB49-4664-A03D-F88578547432}"
EndProject
Global
	GlobalSection(SolutionConfigurationPlatforms) = preSolution
		Debug|Any CPU = Debug|Any CPU
		Debug|x64 = Debug|x64
		Debug|x86 = Debug|x86
		Release|Any CPU = Release|Any CPU
		Release|x64 = Release|x64
		Release|x86 = Release|x86
	EndGlobalSection
	GlobalSection(ProjectConfigurationPlatforms) = postSolution
		{41DE4932-8571-4CF1-A119-492F51288C7B}.Debug|Any CPU.ActiveCfg = Debug|Any CPU
		{41DE4932-8571-4CF1-A119-492F51288C7B}.Debug|Any CPU.Build.0 = Debug|Any CPU
		{41DE4932-8571-4CF1-A119-492F51288C7B}.Debug|x64.ActiveCfg = Debug|Any CPU
		{41DE4932-8571-4CF1-A119-492F51288C7B}.Debug|x64.Build.0 = Debug|Any CPU
		{41DE4932-8571-4CF1-A119-492F51288C7B}.Debug|x86.ActiveCfg = Debug|Any CPU
		{41DE4932-8571-4CF1-A119-492F51288C7B}.Debug|x86.Build.0 = Debug|Any CPU
		{41DE4932-8571-4CF1-A119-492F51288C7B}.Release|Any CPU.ActiveCfg = Release|Any CPU
		{41DE4932-8571-4CF1-A119-492F51288C7B}.Release|Any CPU.Build.0 = Release|Any CPU
		{41DE4932-8571-4CF1-A119-492F51288C7B}.Release|x64.ActiveCfg = Release|Any CPU
		{41DE4932-8571-4CF1-A119-492F51288C7B}.Release|x64.Build.0 = Release|Any CPU
		{41DE4932-8571-4CF1-A119-492F51288C7B}.Release|x86.ActiveCfg = Release|Any CPU
		{41DE4932-8571-4CF1-A119-492F51288C7B}.Release|x86.Build.0 = Release|Any CPU
		{2ED6E478-0F29-444D-9E07-20DEA168E61B}.Debug|Any CPU.ActiveCfg = Debug|Any CPU
		{2ED6E478-0F29-444D-9E07-20DEA168E61B}.Debug|Any CPU.Build.0 = Debug|Any CPU
		{2ED6E478-0F29-444D-9E07-20DEA168E61B}.Debug|x64.ActiveCfg = Debug|Any CPU
		{2ED6E478-0F29-444D-9E07-20DEA168E61B}.Debug|x64.Build.0 = Debug|Any CPU
		{2ED6E478-0F29-444D-9E07-20DEA168E61B}.Debug|x86.ActiveCfg = Debug|Any CPU
		{2ED6E478-0F29-444D-9E07-20DEA168E61B}.Debug|x86.Build.0 = Debug|Any CPU
		{2ED6E478-0F29-444D-9E07-20DEA168E61B}.Release|Any CPU.ActiveCfg = Release|Any CPU
		{2ED6E478-0F29-444D-9E07-20DEA168E61B}.Release|Any CPU.Build.0 = Release|Any CPU
		{2ED6E478-0F29-444D-9E07-20DEA168E61B}.Release|x64.ActiveCfg = Release|Any CPU
		{2ED6E478-0F29-444D-9E07-20DEA168E61B}.Release|x64.Build.0 = Release|Any CPU
		{2ED6E478-0F29-444D-9E07-20DEA168E61B}.Release|x86.ActiveCfg = Release|Any CPU
		{2ED6E478-0F29-444D-9E07-20DEA168E61B}.Release|x86.Build.0 = Release|Any CPU
		{A61995E9-4B59-4D4C-BB1C-D8AEF663575A}.Debug|Any CPU.ActiveCfg = Debug|Any CPU
		{A61995E9-4B59-4D4C-BB1C-D8AEF663575A}.Debug|Any CPU.Build.0 = Debug|Any CPU
		{A61995E9-4B59-4D4C-BB1C-D8AEF663575A}.Debug|x64.ActiveCfg = Debug|Any CPU
		{A61995E9-4B59-4D4C-BB1C-D8AEF663575A}.Debug|x64.Build.0 = Debug|Any CPU
		{A61995E9-4B59-4D4C-BB1C-D8AEF663575A}.Debug|x86.ActiveCfg = Debug|Any CPU
		{A61995E9-4B59-4D4C-BB1C-D8AEF663575A}.Debug|x86.Build.0 = Debug|Any CPU
		{A61995E9-4B59-4D4C-BB1C-D8AEF663575A}.Release|Any CPU.ActiveCfg = Release|Any CPU
		{A61995E9-4B59-4D4C-BB1C-D8AEF663575A}.Release|Any CPU.Build.0 = Release|Any CPU
		{A61995E9-4B59-4D4C-BB1C-D8AEF663575A}.Release|x64.ActiveCfg = Release|Any CPU
		{A61995E9-4B59-4D4C-BB1C-D8AEF663575A}.Release|x64.Build.0 = Release|Any CPU
		{A61995E9-4B59-4D4C-BB1C-D8AEF663575A}.Release|x86.ActiveCfg = Release|Any CPU
		{A61995E9-4B59-4D4C-BB1C-D8AEF663575A}.Release|x86.Build.0 = Release|Any CPU
		{D63F4B6F-C266-46A2-85BC-A49CA0ABA72A}.Debug|Any CPU.ActiveCfg = Debug|Any CPU
		{D63F4B6F-C266-46A2-85BC-A49CA0ABA72A}.Debug|Any CPU.Build.0 = Debug|Any CPU
		{D63F4B6F-C266-46A2-85BC-A49CA0ABA72A}.Debug|x64.ActiveCfg = Debug|Any CPU
		{D63F4B6F-C266-46A2-85BC-A49CA0ABA72A}.Debug|x64.Build.0 = Debug|Any CPU
		{D63F4B6F-C266-46A2-85BC-A49CA0ABA72A}.Debug|x86.ActiveCfg = Debug|Any CPU
		{D63F4B6F-C266-46A2-85BC-A49CA0ABA72A}.Debug|x86.Build.0 = Debug|Any CPU
		{D63F4B6F-C266-46A2-85BC-A49CA0ABA72A}.Release|Any CPU.ActiveCfg = Release|Any CPU
		{D63F4B6F-C266-46A2-85BC-A49CA0ABA72A}.Release|Any CPU.Build.0 = Release|Any CPU
		{D63F4B6F-C266-46A2-85BC-A49CA0ABA72A}.Release|x64.ActiveCfg = Release|Any CPU
		{D63F4B6F-C266-46A2-85BC-A49CA0ABA72A}.Release|x64.Build.0 = Release|Any CPU
		{D63F4B6F-C266-46A2-85BC-A49CA0ABA72A}.Release|x86.ActiveCfg = Release|Any CPU
		{D63F4B6F-C266-46A2-85BC-A49CA0ABA72A}.Release|x86.Build.0 = Release|Any CPU
		{23D1BECA-821F-4D72-BA9A-86AC66774E9B}.Debug|Any CPU.ActiveCfg = Debug|Any CPU
		{23D1BECA-821F-4D72-BA9A-86AC66774E9B}.Debug|Any CPU.Build.0 = Debug|Any CPU
		{23D1BECA-821F-4D72-BA9A-86AC66774E9B}.Debug|x64.ActiveCfg = Debug|Any CPU
		{23D1BECA-821F-4D72-BA9A-86AC66774E9B}.Debug|x64.Build.0 = Debug|Any CPU
		{23D1BECA-821F-4D72-BA9A-86AC66774E9B}.Debug|x86.ActiveCfg = Debug|Any CPU
		{23D1BECA-821F-4D72-BA9A-86AC66774E9B}.Debug|x86.Build.0 = Debug|Any CPU
		{23D1BECA-821F-4D72-BA9A-86AC66774E9B}.Release|Any CPU.ActiveCfg = Release|Any CPU
		{23D1BECA-821F-4D72-BA9A-86AC66774E9B}.Release|Any CPU.Build.0 = Release|Any CPU
		{23D1BECA-821F-4D72-BA9A-86AC66774E9B}.Release|x64.ActiveCfg = Release|Any CPU
		{23D1BECA-821F-4D72-BA9A-86AC66774E9B}.Release|x64.Build.0 = Release|Any CPU
		{23D1BECA-821F-4D72-BA9A-86AC66774E9B}.Release|x86.ActiveCfg = Release|Any CPU
		{23D1BECA-821F-4D72-BA9A-86AC66774E9B}.Release|x86.Build.0 = Release|Any CPU
		{58DA9247-9E5E-483A-9610-7D355749A9FD}.Debug|Any CPU.ActiveCfg = Debug|Any CPU
		{58DA9247-9E5E-483A-9610-7D355749A9FD}.Debug|Any CPU.Build.0 = Debug|Any CPU
		{58DA9247-9E5E-483A-9610-7D355749A9FD}.Debug|x64.ActiveCfg = Debug|Any CPU
		{58DA9247-9E5E-483A-9610-7D355749A9FD}.Debug|x64.Build.0 = Debug|Any CPU
		{58DA9247-9E5E-483A-9610-7D355749A9FD}.Debug|x86.ActiveCfg = Debug|Any CPU
		{58DA9247-9E5E-483A-9610-7D355749A9FD}.Debug|x86.Build.0 = Debug|Any CPU
		{58DA9247-9E5E-483A-9610-7D355749A9FD}.Release|Any CPU.ActiveCfg = Release|Any CPU
		{58DA9247-9E5E-483A-9610-7D355749A9FD}.Release|Any CPU.Build.0 = Release|Any CPU
		{58DA9247-9E5E-483A-9610-7D355749A9FD}.Release|x64.ActiveCfg = Release|Any CPU
		{58DA9247-9E5E-483A-9610-7D355749A9FD}.Release|x64.Build.0 = Release|Any CPU
		{58DA9247-9E5E-483A-9610-7D355749A9FD}.Release|x86.ActiveCfg = Release|Any CPU
		{58DA9247-9E5E-483A-9610-7D355749A9FD}.Release|x86.Build.0 = Release|Any CPU
		{D1B13342-1557-4C93-843E-F0AD8A0A94D6}.Debug|Any CPU.ActiveCfg = Debug|Any CPU
		{D1B13342-1557-4C93-843E-F0AD8A0A94D6}.Debug|Any CPU.Build.0 = Debug|Any CPU
		{D1B13342-1557-4C93-843E-F0AD8A0A94D6}.Debug|x64.ActiveCfg = Debug|Any CPU
		{D1B13342-1557-4C93-843E-F0AD8A0A94D6}.Debug|x64.Build.0 = Debug|Any CPU
		{D1B13342-1557-4C93-843E-F0AD8A0A94D6}.Debug|x86.ActiveCfg = Debug|Any CPU
		{D1B13342-1557-4C93-843E-F0AD8A0A94D6}.Debug|x86.Build.0 = Debug|Any CPU
		{D1B13342-1557-4C93-843E-F0AD8A0A94D6}.Release|Any CPU.ActiveCfg = Release|Any CPU
		{D1B13342-1557-4C93-843E-F0AD8A0A94D6}.Release|Any CPU.Build.0 = Release|Any CPU
		{D1B13342-1557-4C93-843E-F0AD8A0A94D6}.Release|x64.ActiveCfg = Release|Any CPU
		{D1B13342-1557-4C93-843E-F0AD8A0A94D6}.Release|x64.Build.0 = Release|Any CPU
		{D1B13342-1557-4C93-843E-F0AD8A0A94D6}.Release|x86.ActiveCfg = Release|Any CPU
		{D1B13342-1557-4C93-843E-F0AD8A0A94D6}.Release|x86.Build.0 = Release|Any CPU
		{60CE7B14-AB49-4664-A03D-F88578547432}.Debug|Any CPU.ActiveCfg = Debug|Any CPU
		{60CE7B14-AB49-4664-A03D-F88578547432}.Debug|Any CPU.Build.0 = Debug|Any CPU
		{60CE7B14-AB49-4664-A03D-F88578547432}.Debug|x64.ActiveCfg = Debug|Any CPU
		{60CE7B14-AB49-4664-A03D-F88578547432}.Debug|x64.Build.0 = Debug|Any CPU
		{60CE7B14-AB49-4664-A03D-F88578547432}.Debug|x86.ActiveCfg = Debug|Any CPU
		{60CE7B14-AB49-4664-A03D-F88578547432}.Debug|x86.Build.0 = Debug|Any CPU
		{60CE7B14-AB49-4664-A03D-F88578547432}.Release|Any CPU.ActiveCfg = Release|Any CPU
		{60CE7B14-AB49-4664-A03D-F88578547432}.Release|Any CPU.Build.0 = Release|Any CPU
		{60CE7B14-AB49-4664-A03D-F88578547432}.Release|x64.ActiveCfg = Release|Any CPU
		{60CE7B14-AB49-4664-A03D-F88578547432}.Release|x64.Build.0 = Release|Any CPU
		{60CE7B14-AB49-4664-A03D-F88578547432}.Release|x86.ActiveCfg = Release|Any CPU
		{60CE7B14-AB49-4664-A03D-F88578547432}.Release|x86.Build.0 = Release|Any CPU
	EndGlobalSection
	GlobalSection(SolutionProperties) = preSolution
		HideSolutionNode = FALSE
	EndGlobalSection
	GlobalSection(ExtensibilityGlobals) = postSolution
		SolutionGuid = {BADE4EF2-5DF2-49F0-995B-E23084A9220A}
	EndGlobalSection
EndGlobal
