
Microsoft Visual Studio Solution File, Format Version 12.00
# Visual Studio Version 16
VisualStudioVersion = 16.0.30011.22
MinimumVisualStudioVersion = 10.0.40219.1
Project("{FAE04EC0-301F-11D3-BF4B-00C04F79EFBC}") = "SignalRDemo", "SignalRDemo\SignalRDemo.csproj", "{BEE3BAFA-B7C1-404D-B2F6-6C83C93D3B9A}"
EndProject
Global
	GlobalSection(SolutionConfigurationPlatforms) = preSolution
		Debug|Any CPU = Debug|Any CPU
		Release|Any CPU = Release|Any CPU
	EndGlobalSection
	GlobalSection(ProjectConfigurationPlatforms) = postSolution
		{BEE3BAFA-B7C1-404D-B2F6-6C83C93D3B9A}.Debug|Any CPU.ActiveCfg = Debug|Any CPU
		{BEE3BAFA-B7C1-404D-B2F6-6C83C93D3B9A}.Debug|Any CPU.Build.0 = Debug|Any CPU
		{BEE3BAFA-B7C1-404D-B2F6-6C83C93D3B9A}.Release|Any CPU.ActiveCfg = Release|Any CPU
		{BEE3BAFA-B7C1-404D-B2F6-6C83C93D3B9A}.Release|Any CPU.Build.0 = Release|Any CPU
	EndGlobalSection
	GlobalSection(SolutionProperties) = preSolution
		HideSolutionNode = FALSE
	EndGlobalSection
	GlobalSection(ExtensibilityGlobals) = postSolution
		SolutionGuid = {96B6CBFA-A2A4-41F6-8843-F2727443B596}
	EndGlobalSection
EndGlobal
