
Microsoft Visual Studio Solution File, Format Version 12.00
# Visual Studio 15
VisualStudioVersion = 15.0.26124.0
MinimumVisualStudioVersion = 15.0.26124.0
Project("{FAE04EC0-301F-11D3-BF4B-00C04F79EFBC}") = "Publisher", "Publisher\Publisher.csproj", "{2F67EA1D-7BA6-40FE-BAE2-1BA0AE39E653}"
EndProject
Project("{FAE04EC0-301F-11D3-BF4B-00C04F79EFBC}") = "Subscriber", "Subscriber\Subscriber.csproj", "{6952AC5F-C58B-46AD-988A-441F655D8FC5}"
EndProject
Project("{FAE04EC0-301F-11D3-BF4B-00C04F79EFBC}") = "Messages", "Messages\Messages.csproj", "{339CF624-171A-4397-9182-C5E29F3BC6B9}"
EndProject
Global
	GlobalSection(SolutionConfigurationPlatforms) = preSolution
		Debug|Any CPU = Debug|Any CPU
		Debug|x64 = Debug|x64
		Debug|x86 = Debug|x86
		Release|Any CPU = Release|Any CPU
		Release|x64 = Release|x64
		Release|x86 = Release|x86
	EndGlobalSection
	GlobalSection(SolutionProperties) = preSolution
		HideSolutionNode = FALSE
	EndGlobalSection
	GlobalSection(ProjectConfigurationPlatforms) = postSolution
		{2F67EA1D-7BA6-40FE-BAE2-1BA0AE39E653}.Debug|Any CPU.ActiveCfg = Debug|Any CPU
		{2F67EA1D-7BA6-40FE-BAE2-1BA0AE39E653}.Debug|Any CPU.Build.0 = Debug|Any CPU
		{2F67EA1D-7BA6-40FE-BAE2-1BA0AE39E653}.Debug|x64.ActiveCfg = Debug|Any CPU
		{2F67EA1D-7BA6-40FE-BAE2-1BA0AE39E653}.Debug|x64.Build.0 = Debug|Any CPU
		{2F67EA1D-7BA6-40FE-BAE2-1BA0AE39E653}.Debug|x86.ActiveCfg = Debug|Any CPU
		{2F67EA1D-7BA6-40FE-BAE2-1BA0AE39E653}.Debug|x86.Build.0 = Debug|Any CPU
		{2F67EA1D-7BA6-40FE-BAE2-1BA0AE39E653}.Release|Any CPU.ActiveCfg = Release|Any CPU
		{2F67EA1D-7BA6-40FE-BAE2-1BA0AE39E653}.Release|Any CPU.Build.0 = Release|Any CPU
		{2F67EA1D-7BA6-40FE-BAE2-1BA0AE39E653}.Release|x64.ActiveCfg = Release|Any CPU
		{2F67EA1D-7BA6-40FE-BAE2-1BA0AE39E653}.Release|x64.Build.0 = Release|Any CPU
		{2F67EA1D-7BA6-40FE-BAE2-1BA0AE39E653}.Release|x86.ActiveCfg = Release|Any CPU
		{2F67EA1D-7BA6-40FE-BAE2-1BA0AE39E653}.Release|x86.Build.0 = Release|Any CPU
		{6952AC5F-C58B-46AD-988A-441F655D8FC5}.Debug|Any CPU.ActiveCfg = Debug|Any CPU
		{6952AC5F-C58B-46AD-988A-441F655D8FC5}.Debug|Any CPU.Build.0 = Debug|Any CPU
		{6952AC5F-C58B-46AD-988A-441F655D8FC5}.Debug|x64.ActiveCfg = Debug|Any CPU
		{6952AC5F-C58B-46AD-988A-441F655D8FC5}.Debug|x64.Build.0 = Debug|Any CPU
		{6952AC5F-C58B-46AD-988A-441F655D8FC5}.Debug|x86.ActiveCfg = Debug|Any CPU
		{6952AC5F-C58B-46AD-988A-441F655D8FC5}.Debug|x86.Build.0 = Debug|Any CPU
		{6952AC5F-C58B-46AD-988A-441F655D8FC5}.Release|Any CPU.ActiveCfg = Release|Any CPU
		{6952AC5F-C58B-46AD-988A-441F655D8FC5}.Release|Any CPU.Build.0 = Release|Any CPU
		{6952AC5F-C58B-46AD-988A-441F655D8FC5}.Release|x64.ActiveCfg = Release|Any CPU
		{6952AC5F-C58B-46AD-988A-441F655D8FC5}.Release|x64.Build.0 = Release|Any CPU
		{6952AC5F-C58B-46AD-988A-441F655D8FC5}.Release|x86.ActiveCfg = Release|Any CPU
		{6952AC5F-C58B-46AD-988A-441F655D8FC5}.Release|x86.Build.0 = Release|Any CPU
		{339CF624-171A-4397-9182-C5E29F3BC6B9}.Debug|Any CPU.ActiveCfg = Debug|Any CPU
		{339CF624-171A-4397-9182-C5E29F3BC6B9}.Debug|Any CPU.Build.0 = Debug|Any CPU
		{339CF624-171A-4397-9182-C5E29F3BC6B9}.Debug|x64.ActiveCfg = Debug|Any CPU
		{339CF624-171A-4397-9182-C5E29F3BC6B9}.Debug|x64.Build.0 = Debug|Any CPU
		{339CF624-171A-4397-9182-C5E29F3BC6B9}.Debug|x86.ActiveCfg = Debug|Any CPU
		{339CF624-171A-4397-9182-C5E29F3BC6B9}.Debug|x86.Build.0 = Debug|Any CPU
		{339CF624-171A-4397-9182-C5E29F3BC6B9}.Release|Any CPU.ActiveCfg = Release|Any CPU
		{339CF624-171A-4397-9182-C5E29F3BC6B9}.Release|Any CPU.Build.0 = Release|Any CPU
		{339CF624-171A-4397-9182-C5E29F3BC6B9}.Release|x64.ActiveCfg = Release|Any CPU
		{339CF624-171A-4397-9182-C5E29F3BC6B9}.Release|x64.Build.0 = Release|Any CPU
		{339CF624-171A-4397-9182-C5E29F3BC6B9}.Release|x86.ActiveCfg = Release|Any CPU
		{339CF624-171A-4397-9182-C5E29F3BC6B9}.Release|x86.Build.0 = Release|Any CPU
	EndGlobalSection
EndGlobal
